
Microsoft Visual Studio Solution File, Format Version 12.00
# Visual Studio Version 17
VisualStudioVersion = 17.8.34330.188
MinimumVisualStudioVersion = 10.0.40219.1
Project("{FAE04EC0-301F-11D3-BF4B-00C04F79EFBC}") = "MVC(12.01.24)", "MVC(12.01.24)\MVC(12.01.24).csproj", "{75759A8F-E4A9-453B-9A2B-36CB02B88FBB}"
EndProject
Global
	GlobalSection(SolutionConfigurationPlatforms) = preSolution
		Debug|Any CPU = Debug|Any CPU
		Release|Any CPU = Release|Any CPU
	EndGlobalSection
	GlobalSection(ProjectConfigurationPlatforms) = postSolution
		{75759A8F-E4A9-453B-9A2B-36CB02B88FBB}.Debug|Any CPU.ActiveCfg = Debug|Any CPU
		{75759A8F-E4A9-453B-9A2B-36CB02B88FBB}.Debug|Any CPU.Build.0 = Debug|Any CPU
		{75759A8F-E4A9-453B-9A2B-36CB02B88FBB}.Release|Any CPU.ActiveCfg = Release|Any CPU
		{75759A8F-E4A9-453B-9A2B-36CB02B88FBB}.Release|Any CPU.Build.0 = Release|Any CPU
	EndGlobalSection
	GlobalSection(SolutionProperties) = preSolution
		HideSolutionNode = FALSE
	EndGlobalSection
	GlobalSection(ExtensibilityGlobals) = postSolution
		SolutionGuid = {35A03292-21B3-4F65-AD49-189464CC6FD3}
	EndGlobalSection
EndGlobal
